<?xml version="1.0" encoding="UTF-8"?>
<Scheme
   LastUpgradeVersion = "1540"
   version = "1.7">
   <BuildAction
      parallelizeBuildables = "YES"
      buildImplicitDependencies = "YES"
      buildArchitectures = "Automatic">
      <BuildActionEntries>
         <BuildActionEntry
            buildForTesting = "YES"
            buildForRunning = "YES"
            buildForProfiling = "YES"
            buildForArchiving = "YES"
            buildForAnalyzing = "YES">
            <BuildableReference
               BuildableIdentifier = "primary"
               BlueprintIdentifier = "A10000000000000000000009"
               BuildableName = "Tri-State Relay Service.app"
               BlueprintName = "Tri-State Relay Service"
               ReferencedContainer = "container:TriStateRelayService.xcodeproj">
            </BuildableReference>
         </BuildActionEntry>
      </BuildActionEntries>
   </BuildAction>
   <TestAction
     buildConfiguration = "Debug"
     selectedDebuggerIdentifier = "Xcode.DebuggerFoundation.Debugger.LLDB"
     selectedLauncherIdentifier = "Xcode.DebuggerFoundation.Launcher.LLDB"
     shouldUseLaunchSchemeArgsEnv = "YES"
     shouldAutocreateTestPlan = "YES">
     <Testables>
        <TestableReference
           skipped = "NO">
           <BuildableReference
              BuildableIdentifier = "primary"
              BlueprintIdentifier = "C969E59FC4AA91E224F71C20"
              BuildableName = "TriStateRelayServiceTests.xctest"
              BlueprintName = "TriStateRelayServiceTests"
              ReferencedContainer = "container:TriStateRelayService.xcodeproj">
           </BuildableReference>
        </TestableReference>
     </Testables>
   </TestAction>
   <LaunchAction
      buildConfiguration = "Debug"
      selectedDebuggerIdentifier = "Xcode.DebuggerFoundation.Debugger.LLDB"
      selectedLauncherIdentifier = "Xcode.DebuggerFoundation.Launcher.LLDB"
      launchStyle = "0"
      useCustomWorkingDirectory = "NO"
      ignoresPersistentStateOnLaunch = "NO"
      debugDocumentVersioning = "YES"
      debugServiceExtension = "internal"
      allowLocationSimulation = "YES">
      <BuildableProductRunnable
         runnableDebuggingMode = "0">
         <BuildableReference
            BuildableIdentifier = "primary"
            BlueprintIdentifier = "A10000000000000000000009"
            BuildableName = "Tri-State Relay Service.app"
            BlueprintName = "Tri-State Relay Service"
            ReferencedContainer = "container:TriStateRelayService.xcodeproj">
         </BuildableReference>
      </BuildableProductRunnable>
   </LaunchAction>
   <ProfileAction
      buildConfiguration = "Release"
      shouldUseLaunchSchemeArgsEnv = "YES"
      savedToolIdentifier = ""
      useCustomWorkingDirectory = "NO"
      debugDocumentVersioning = "YES">
      <BuildableProductRunnable
         runnableDebuggingMode = "0">
         <BuildableReference
            BuildableIdentifier = "primary"
            BlueprintIdentifier = "A10000000000000000000009"
            BuildableName = "Tri-State Relay Service.app"
            BlueprintName = "Tri-State Relay Service"
            ReferencedContainer = "container:TriStateRelayService.xcodeproj">
         </BuildableReference>
      </BuildableProductRunnable>
   </ProfileAction>
   <AnalyzeAction
      buildConfiguration = "Debug">
   </AnalyzeAction>
   <ArchiveAction
      buildConfiguration = "Release"
      revealArchiveInOrganizer = "YES">
   </ArchiveAction>
</Scheme>
